
Microsoft Visual Studio Solution File, Format Version 12.00
# Visual Studio Version 17
VisualStudioVersion = 17.2.32505.173
MinimumVisualStudioVersion = 10.0.40219.1
Project("{FAE04EC0-301F-11D3-BF4B-00C04F79EFBC}") = "Data_real_tiem_monitoring System", "Data_real_tiem_monitoring System\Data_real_tiem_monitoring System.csproj", "{D4187970-729C-42B7-91C3-84E1B03A210E}"
EndProject
Global
	GlobalSection(SolutionConfigurationPlatforms) = preSolution
		Debug|Any CPU = Debug|Any CPU
		Release|Any CPU = Release|Any CPU
	EndGlobalSection
	GlobalSection(ProjectConfigurationPlatforms) = postSolution
		{D4187970-729C-42B7-91C3-84E1B03A210E}.Debug|Any CPU.ActiveCfg = Debug|Any CPU
		{D4187970-729C-42B7-91C3-84E1B03A210E}.Debug|Any CPU.Build.0 = Debug|Any CPU
		{D4187970-729C-42B7-91C3-84E1B03A210E}.Release|Any CPU.ActiveCfg = Release|Any CPU
		{D4187970-729C-42B7-91C3-84E1B03A210E}.Release|Any CPU.Build.0 = Release|Any CPU
	EndGlobalSection
	GlobalSection(SolutionProperties) = preSolution
		HideSolutionNode = FALSE
	EndGlobalSection
	GlobalSection(ExtensibilityGlobals) = postSolution
		SolutionGuid = {114497B2-6DF9-4E37-8EEA-0A0D1E36A082}
	EndGlobalSection
EndGlobal
